// !$*UTF8*$!
{
	archiveVersion = 1;
	classes = {
	};
	objectVersion = 55;
	objects = {

/* Begin PBXBuildFile section */
		1A0D5ABD29006DDB007AA0F7 /* MapView.swift in Sources */ = {isa = PBXBuildFile; fileRef = 1A0D5ABC29006DDB007AA0F7 /* MapView.swift */; };
		1A0D5ABF29006E34007AA0F7 /* AppViewModel.swift in Sources */ = {isa = PBXBuildFile; fileRef = 1A0D5ABE29006E34007AA0F7 /* AppViewModel.swift */; };
		1A33435228268119006730C2 /* Place.swift in Sources */ = {isa = PBXBuildFile; fileRef = 1A33435128268119006730C2 /* Place.swift */; };
		1A3A6DB92909BF1C00183860 /* CloudKitViewModel.swift in Sources */ = {isa = PBXBuildFile; fileRef = 1A3A6DB82909BF1C00183860 /* CloudKitViewModel.swift */; };
		1A3A6DBB2909BFE100183860 /* Log.swift in Sources */ = {isa = PBXBuildFile; fileRef = 1A3A6DBA2909BFE100183860 /* Log.swift */; };
		1A3A6DBD2909C02700183860 /* CloudKit.swift in Sources */ = {isa = PBXBuildFile; fileRef = 1A3A6DBC2909C02700183860 /* CloudKit.swift */; };
		1A67891C28FF15EF00F3DFD8 /* Marker.swift in Sources */ = {isa = PBXBuildFile; fileRef = 1A67891B28FF15EF00F3DFD8 /* Marker.swift */; };
		1A76511429115CC60071D081 /* TextExtension.swift in Sources */ = {isa = PBXBuildFile; fileRef = 1A76511329115CC60071D081 /* TextExtension.swift */; };
		1A82824E282A34D100380E9D /* SafariView.swift in Sources */ = {isa = PBXBuildFile; fileRef = 1A82824D282A34D100380E9D /* SafariView.swift */; };
		1A8E283E2908752B0064955F /* CLPlacemarkExtension.swift in Sources */ = {isa = PBXBuildFile; fileRef = 1A8E283D2908752B0064955F /* CLPlacemarkExtension.swift */; };
		1A94BF6E291868BB00001352 /* RouteAnnotation.swift in Sources */ = {isa = PBXBuildFile; fileRef = 1A94BF6D291868BB00001352 /* RouteAnnotation.swift */; };
		1A94BF7029194D5300001352 /* DateExtension.swift in Sources */ = {isa = PBXBuildFile; fileRef = 1A94BF6F29194D5300001352 /* DateExtension.swift */; };
		1A94BF74291ABCEC00001352 /* RouteAnnotationView.swift in Sources */ = {isa = PBXBuildFile; fileRef = 1A94BF73291ABCEC00001352 /* RouteAnnotationView.swift */; };
		1AA35F812915ADB40080003F /* MyCircle.swift in Sources */ = {isa = PBXBuildFile; fileRef = 1AA35F802915ADB40080003F /* MyCircle.swift */; };
		1AA35F832915B3F70080003F /* MyPolyline.swift in Sources */ = {isa = PBXBuildFile; fileRef = 1AA35F822915B3F70080003F /* MyPolyline.swift */; };
		1AAB0CFE2826436600544A8F /* MapExplorerApp.swift in Sources */ = {isa = PBXBuildFile; fileRef = 1AAB0CFD2826436600544A8F /* MapExplorerApp.swift */; };
		1AAB0D002826436600544A8F /* ContentView.swift in Sources */ = {isa = PBXBuildFile; fileRef = 1AAB0CFF2826436600544A8F /* ContentView.swift */; };
		1AAB0D022826436700544A8F /* Assets.xcassets in Resources */ = {isa = PBXBuildFile; fileRef = 1AAB0D012826436700544A8F /* Assets.xcassets */; };
		1AAB0D052826436700544A8F /* Preview Assets.xcassets in Resources */ = {isa = PBXBuildFile; fileRef = 1AAB0D042826436700544A8F /* Preview Assets.xcassets */; };
		1AB2A96F2912C5A900A20F79 /* LookAround.swift in Sources */ = {isa = PBXBuildFile; fileRef = 1AB2A96E2912C5A900A20F79 /* LookAround.swift */; };
		1AB2A9752913057F00A20F79 /* MyTextField.swift in Sources */ = {isa = PBXBuildFile; fileRef = 1AB2A9742913057F00A20F79 /* MyTextField.swift */; };
		1AB2A97729140B2000A20F79 /* Directions.swift in Sources */ = {isa = PBXBuildFile; fileRef = 1AB2A97629140B2000A20F79 /* Directions.swift */; };
		1AB2A979291450B900A20F79 /* MKDirectionsTransportTypeExtension.swift in Sources */ = {isa = PBXBuildFile; fileRef = 1AB2A978291450B900A20F79 /* MKDirectionsTransportTypeExtension.swift */; };
		1AB2A97B2914555700A20F79 /* utilities.swift in Sources */ = {isa = PBXBuildFile; fileRef = 1AB2A97A2914555700A20F79 /* utilities.swift */; };
		1AB9F3BD29034168002DF760 /* BundleExtension.swift in Sources */ = {isa = PBXBuildFile; fileRef = 1AB9F3BC29034168002DF760 /* BundleExtension.swift */; };
		1AB9F3BF29034AAC002DF760 /* attractions.json in Resources */ = {isa = PBXBuildFile; fileRef = 1AB9F3BB29033DA4002DF760 /* attractions.json */; };
		1AB9F3CB2906C927002DF760 /* SaveAttraction.swift in Sources */ = {isa = PBXBuildFile; fileRef = 1AB9F3CA2906C927002DF760 /* SaveAttraction.swift */; };
		1AB9F3CD2906C947002DF760 /* DoubleExtension.swift in Sources */ = {isa = PBXBuildFile; fileRef = 1AB9F3CC2906C947002DF760 /* DoubleExtension.swift */; };
		1AB9F3CF2906C962002DF760 /* MKCoordinateRegionExtension.swift in Sources */ = {isa = PBXBuildFile; fileRef = 1AB9F3CE2906C962002DF760 /* MKCoordinateRegionExtension.swift */; };
		1AB9F3D12906FD96002DF760 /* CLLocationCoordinate2DExtension.swift in Sources */ = {isa = PBXBuildFile; fileRef = 1AB9F3D02906FD96002DF760 /* CLLocationCoordinate2DExtension.swift */; };
		1AB9F3D92907F809002DF760 /* CLLocationCoordinate2DTests.swift in Sources */ = {isa = PBXBuildFile; fileRef = 1AB9F3D82907F809002DF760 /* CLLocationCoordinate2DTests.swift */; };
		1AE3A1712901876E00FB6501 /* MapKitViewModel.swift in Sources */ = {isa = PBXBuildFile; fileRef = 1AE3A1702901876E00FB6501 /* MapKitViewModel.swift */; };
		1AE3A1742901884200FB6501 /* CoreLocationService.swift in Sources */ = {isa = PBXBuildFile; fileRef = 1AE3A1732901884200FB6501 /* CoreLocationService.swift */; };
		1AE3A1772901887200FB6501 /* StringExtension.swift in Sources */ = {isa = PBXBuildFile; fileRef = 1AE3A1762901887200FB6501 /* StringExtension.swift */; };
		1AE3A1792901897700FB6501 /* ViewExtension.swift in Sources */ = {isa = PBXBuildFile; fileRef = 1AE3A1782901897700FB6501 /* ViewExtension.swift */; };
		1AE3A17B2901899C00FB6501 /* SearchSheet.swift in Sources */ = {isa = PBXBuildFile; fileRef = 1AE3A17A2901899C00FB6501 /* SearchSheet.swift */; };
		1AE3A17D290189A800FB6501 /* SettingsSheet.swift in Sources */ = {isa = PBXBuildFile; fileRef = 1AE3A17C290189A800FB6501 /* SettingsSheet.swift */; };
		1AE3A17F29018A9800FB6501 /* CloseButton.swift in Sources */ = {isa = PBXBuildFile; fileRef = 1AE3A17E29018A9800FB6501 /* CloseButton.swift */; };
		1AE3A1842902DEBC00FB6501 /* Area.swift in Sources */ = {isa = PBXBuildFile; fileRef = 1AE3A1832902DEBC00FB6501 /* Area.swift */; };
		1AE3A1862902DF0A00FB6501 /* Attraction.swift in Sources */ = {isa = PBXBuildFile; fileRef = 1AE3A1852902DF0A00FB6501 /* Attraction.swift */; };
		1AF027BC290C731B00AF1ADB /* AttractionDecodable.swift in Sources */ = {isa = PBXBuildFile; fileRef = 1AF027BB290C731B00AF1ADB /* AttractionDecodable.swift */; };
		1AF027BE290C76CE00AF1ADB /* JSONFile.swift in Sources */ = {isa = PBXBuildFile; fileRef = 1AF027BD290C76CE00AF1ADB /* JSONFile.swift */; };
		1AF027C0290F26BA00AF1ADB /* PlaceDetail.swift in Sources */ = {isa = PBXBuildFile; fileRef = 1AF027BF290F26BA00AF1ADB /* PlaceDetail.swift */; };
/* End PBXBuildFile section */

/* Begin PBXContainerItemProxy section */
		1AB9F3DA2907F809002DF760 /* PBXContainerItemProxy */ = {
			isa = PBXContainerItemProxy;
			containerPortal = 1AAB0CF22826436600544A8F /* Project object */;
			proxyType = 1;
			remoteGlobalIDString = 1AAB0CF92826436600544A8F;
			remoteInfo = "swiftui-mapkit";
		};
/* End PBXContainerItemProxy section */

/* Begin PBXFileReference section */
		1A0D5ABC29006DDB007AA0F7 /* MapView.swift */ = {isa = PBXFileReference; lastKnownFileType = sourcecode.swift; path = MapView.swift; sourceTree = "<group>"; };
		1A0D5ABE29006E34007AA0F7 /* AppViewModel.swift */ = {isa = PBXFileReference; lastKnownFileType = sourcecode.swift; path = AppViewModel.swift; sourceTree = "<group>"; };
		1A33435128268119006730C2 /* Place.swift */ = {isa = PBXFileReference; fileEncoding = 4; lastKnownFileType = sourcecode.swift; path = Place.swift; sourceTree = "<group>"; };
		1A3343532826824D006730C2 /* Info.plist */ = {isa = PBXFileReference; lastKnownFileType = text.plist; path = Info.plist; sourceTree = "<group>"; };
		1A3A6DB72909BB4C00183860 /* swiftui-mapkit.entitlements */ = {isa = PBXFileReference; lastKnownFileType = text.plist.entitlements; path = "swiftui-mapkit.entitlements"; sourceTree = "<group>"; };
		1A3A6DB82909BF1C00183860 /* CloudKitViewModel.swift */ = {isa = PBXFileReference; lastKnownFileType = sourcecode.swift; path = CloudKitViewModel.swift; sourceTree = "<group>"; };
		1A3A6DBA2909BFE100183860 /* Log.swift */ = {isa = PBXFileReference; lastKnownFileType = sourcecode.swift; path = Log.swift; sourceTree = "<group>"; };
		1A3A6DBC2909C02700183860 /* CloudKit.swift */ = {isa = PBXFileReference; lastKnownFileType = sourcecode.swift; path = CloudKit.swift; sourceTree = "<group>"; };
		1A67891B28FF15EF00F3DFD8 /* Marker.swift */ = {isa = PBXFileReference; lastKnownFileType = sourcecode.swift; path = Marker.swift; sourceTree = "<group>"; };
		1A76511329115CC60071D081 /* TextExtension.swift */ = {isa = PBXFileReference; lastKnownFileType = sourcecode.swift; path = TextExtension.swift; sourceTree = "<group>"; };
		1A82824D282A34D100380E9D /* SafariView.swift */ = {isa = PBXFileReference; lastKnownFileType = sourcecode.swift; path = SafariView.swift; sourceTree = "<group>"; };
		1A8E283D2908752B0064955F /* CLPlacemarkExtension.swift */ = {isa = PBXFileReference; lastKnownFileType = sourcecode.swift; path = CLPlacemarkExtension.swift; sourceTree = "<group>"; };
		1A94BF6D291868BB00001352 /* RouteAnnotation.swift */ = {isa = PBXFileReference; lastKnownFileType = sourcecode.swift; path = RouteAnnotation.swift; sourceTree = "<group>"; };
		1A94BF6F29194D5300001352 /* DateExtension.swift */ = {isa = PBXFileReference; lastKnownFileType = sourcecode.swift; path = DateExtension.swift; sourceTree = "<group>"; };
		1A94BF73291ABCEC00001352 /* RouteAnnotationView.swift */ = {isa = PBXFileReference; lastKnownFileType = sourcecode.swift; path = RouteAnnotationView.swift; sourceTree = "<group>"; };
		1AA35F802915ADB40080003F /* MyCircle.swift */ = {isa = PBXFileReference; lastKnownFileType = sourcecode.swift; path = MyCircle.swift; sourceTree = "<group>"; };
		1AA35F822915B3F70080003F /* MyPolyline.swift */ = {isa = PBXFileReference; lastKnownFileType = sourcecode.swift; path = MyPolyline.swift; sourceTree = "<group>"; };
		1AAB0CFA2826436600544A8F /* swiftui-mapkit.app */ = {isa = PBXFileReference; explicitFileType = wrapper.application; includeInIndex = 0; path = "swiftui-mapkit.app"; sourceTree = BUILT_PRODUCTS_DIR; };
		1AAB0CFD2826436600544A8F /* MapExplorerApp.swift */ = {isa = PBXFileReference; lastKnownFileType = sourcecode.swift; path = MapExplorerApp.swift; sourceTree = "<group>"; };
		1AAB0CFF2826436600544A8F /* ContentView.swift */ = {isa = PBXFileReference; lastKnownFileType = sourcecode.swift; path = ContentView.swift; sourceTree = "<group>"; };
		1AAB0D012826436700544A8F /* Assets.xcassets */ = {isa = PBXFileReference; lastKnownFileType = folder.assetcatalog; path = Assets.xcassets; sourceTree = "<group>"; };
		1AAB0D042826436700544A8F /* Preview Assets.xcassets */ = {isa = PBXFileReference; lastKnownFileType = folder.assetcatalog; path = "Preview Assets.xcassets"; sourceTree = "<group>"; };
		1AB2A96E2912C5A900A20F79 /* LookAround.swift */ = {isa = PBXFileReference; lastKnownFileType = sourcecode.swift; path = LookAround.swift; sourceTree = "<group>"; };
		1AB2A9742913057F00A20F79 /* MyTextField.swift */ = {isa = PBXFileReference; lastKnownFileType = sourcecode.swift; path = MyTextField.swift; sourceTree = "<group>"; };
		1AB2A97629140B2000A20F79 /* Directions.swift */ = {isa = PBXFileReference; lastKnownFileType = sourcecode.swift; path = Directions.swift; sourceTree = "<group>"; };
		1AB2A978291450B900A20F79 /* MKDirectionsTransportTypeExtension.swift */ = {isa = PBXFileReference; lastKnownFileType = sourcecode.swift; path = MKDirectionsTransportTypeExtension.swift; sourceTree = "<group>"; };
		1AB2A97A2914555700A20F79 /* utilities.swift */ = {isa = PBXFileReference; lastKnownFileType = sourcecode.swift; path = utilities.swift; sourceTree = "<group>"; };
		1AB9F3BB29033DA4002DF760 /* attractions.json */ = {isa = PBXFileReference; lastKnownFileType = text.json; name = attractions.json; path = "swiftui-mapkit/attractions.json"; sourceTree = SOURCE_ROOT; };
		1AB9F3BC29034168002DF760 /* BundleExtension.swift */ = {isa = PBXFileReference; lastKnownFileType = sourcecode.swift; path = BundleExtension.swift; sourceTree = "<group>"; };
		1AB9F3CA2906C927002DF760 /* SaveAttraction.swift */ = {isa = PBXFileReference; lastKnownFileType = sourcecode.swift; path = SaveAttraction.swift; sourceTree = "<group>"; };
		1AB9F3CC2906C947002DF760 /* DoubleExtension.swift */ = {isa = PBXFileReference; lastKnownFileType = sourcecode.swift; path = DoubleExtension.swift; sourceTree = "<group>"; };
		1AB9F3CE2906C962002DF760 /* MKCoordinateRegionExtension.swift */ = {isa = PBXFileReference; lastKnownFileType = sourcecode.swift; path = MKCoordinateRegionExtension.swift; sourceTree = "<group>"; };
		1AB9F3D02906FD96002DF760 /* CLLocationCoordinate2DExtension.swift */ = {isa = PBXFileReference; lastKnownFileType = sourcecode.swift; path = CLLocationCoordinate2DExtension.swift; sourceTree = "<group>"; };
		1AB9F3D62907F809002DF760 /* swiftui-mapkitTests.xctest */ = {isa = PBXFileReference; explicitFileType = wrapper.cfbundle; includeInIndex = 0; path = "swiftui-mapkitTests.xctest"; sourceTree = BUILT_PRODUCTS_DIR; };
		1AB9F3D82907F809002DF760 /* CLLocationCoordinate2DTests.swift */ = {isa = PBXFileReference; lastKnownFileType = sourcecode.swift; path = CLLocationCoordinate2DTests.swift; sourceTree = "<group>"; };
		1AE3A1702901876E00FB6501 /* MapKitViewModel.swift */ = {isa = PBXFileReference; lastKnownFileType = sourcecode.swift; path = MapKitViewModel.swift; sourceTree = "<group>"; };
		1AE3A1732901884200FB6501 /* CoreLocationService.swift */ = {isa = PBXFileReference; lastKnownFileType = sourcecode.swift; path = CoreLocationService.swift; sourceTree = "<group>"; };
		1AE3A1762901887200FB6501 /* StringExtension.swift */ = {isa = PBXFileReference; lastKnownFileType = sourcecode.swift; path = StringExtension.swift; sourceTree = "<group>"; };
		1AE3A1782901897700FB6501 /* ViewExtension.swift */ = {isa = PBXFileReference; lastKnownFileType = sourcecode.swift; path = ViewExtension.swift; sourceTree = "<group>"; };
		1AE3A17A2901899C00FB6501 /* SearchSheet.swift */ = {isa = PBXFileReference; lastKnownFileType = sourcecode.swift; path = SearchSheet.swift; sourceTree = "<group>"; };
		1AE3A17C290189A800FB6501 /* SettingsSheet.swift */ = {isa = PBXFileReference; lastKnownFileType = sourcecode.swift; path = SettingsSheet.swift; sourceTree = "<group>"; };
		1AE3A17E29018A9800FB6501 /* CloseButton.swift */ = {isa = PBXFileReference; lastKnownFileType = sourcecode.swift; path = CloseButton.swift; sourceTree = "<group>"; };
		1AE3A1832902DEBC00FB6501 /* Area.swift */ = {isa = PBXFileReference; lastKnownFileType = sourcecode.swift; path = Area.swift; sourceTree = "<group>"; };
		1AE3A1852902DF0A00FB6501 /* Attraction.swift */ = {isa = PBXFileReference; lastKnownFileType = sourcecode.swift; path = Attraction.swift; sourceTree = "<group>"; };
		1AF027BB290C731B00AF1ADB /* AttractionDecodable.swift */ = {isa = PBXFileReference; lastKnownFileType = sourcecode.swift; path = AttractionDecodable.swift; sourceTree = "<group>"; };
		1AF027BD290C76CE00AF1ADB /* JSONFile.swift */ = {isa = PBXFileReference; lastKnownFileType = sourcecode.swift; path = JSONFile.swift; sourceTree = "<group>"; };
		1AF027BF290F26BA00AF1ADB /* PlaceDetail.swift */ = {isa = PBXFileReference; lastKnownFileType = sourcecode.swift; path = PlaceDetail.swift; sourceTree = "<group>"; };
		1AF027C3291003D700AF1ADB /* README.md */ = {isa = PBXFileReference; lastKnownFileType = net.daringfireball.markdown; path = README.md; sourceTree = "<group>"; };
/* End PBXFileReference section */

/* Begin PBXFrameworksBuildPhase section */
		1AAB0CF72826436600544A8F /* Frameworks */ = {
			isa = PBXFrameworksBuildPhase;
			buildActionMask = 2147483647;
			files = (
			);
			runOnlyForDeploymentPostprocessing = 0;
		};
		1AB9F3D32907F809002DF760 /* Frameworks */ = {
			isa = PBXFrameworksBuildPhase;
			buildActionMask = 2147483647;
			files = (
			);
			runOnlyForDeploymentPostprocessing = 0;
		};
/* End PBXFrameworksBuildPhase section */

/* Begin PBXGroup section */
		1A0D5AB628FF18D4007AA0F7 /* Views */ = {
			isa = PBXGroup;
			children = (
				1AE3A17E29018A9800FB6501 /* CloseButton.swift */,
				1AAB0CFF2826436600544A8F /* ContentView.swift */,
				1AB2A97629140B2000A20F79 /* Directions.swift */,
				1AB2A96E2912C5A900A20F79 /* LookAround.swift */,
				1A0D5ABC29006DDB007AA0F7 /* MapView.swift */,
				1A67891B28FF15EF00F3DFD8 /* Marker.swift */,
				1AB2A9742913057F00A20F79 /* MyTextField.swift */,
				1AF027BF290F26BA00AF1ADB /* PlaceDetail.swift */,
				1A94BF73291ABCEC00001352 /* RouteAnnotationView.swift */,
				1A82824D282A34D100380E9D /* SafariView.swift */,
				1AB9F3CA2906C927002DF760 /* SaveAttraction.swift */,
				1AE3A17A2901899C00FB6501 /* SearchSheet.swift */,
				1AE3A17C290189A800FB6501 /* SettingsSheet.swift */,
			);
			path = Views;
			sourceTree = "<group>";
		};
		1A0D5AB728FF18E6007AA0F7 /* ViewModels */ = {
			isa = PBXGroup;
			children = (
				1A0D5ABE29006E34007AA0F7 /* AppViewModel.swift */,
				1A3A6DB82909BF1C00183860 /* CloudKitViewModel.swift */,
				1AE3A1702901876E00FB6501 /* MapKitViewModel.swift */,
			);
			path = ViewModels;
			sourceTree = "<group>";
		};
		1AAB0CF12826436600544A8F = {
			isa = PBXGroup;
			children = (
				1AF027C3291003D700AF1ADB /* README.md */,
				1AAB0CFC2826436600544A8F /* swiftui-mapkit */,
				1AB9F3D72907F809002DF760 /* swiftui-mapkitTests */,
				1AAB0CFB2826436600544A8F /* Products */,
			);
			sourceTree = "<group>";
		};
		1AAB0CFB2826436600544A8F /* Products */ = {
			isa = PBXGroup;
			children = (
				1AAB0CFA2826436600544A8F /* swiftui-mapkit.app */,
				1AB9F3D62907F809002DF760 /* swiftui-mapkitTests.xctest */,
			);
			name = Products;
			sourceTree = "<group>";
		};
		1AAB0CFC2826436600544A8F /* swiftui-mapkit */ = {
			isa = PBXGroup;
			children = (
				1A3A6DB72909BB4C00183860 /* swiftui-mapkit.entitlements */,
				1AAB0CFD2826436600544A8F /* MapExplorerApp.swift */,
				1A3343532826824D006730C2 /* Info.plist */,
				1AAB0D012826436700544A8F /* Assets.xcassets */,
				1AB9F3BB29033DA4002DF760 /* attractions.json */,
				1A3A6DBC2909C02700183860 /* CloudKit.swift */,
				1A3A6DBA2909BFE100183860 /* Log.swift */,
				1AB2A97A2914555700A20F79 /* utilities.swift */,
				1AE3A1752901886600FB6501 /* Extensions */,
				1AE3A1822902DE9A00FB6501 /* Models */,
				1AE3A1722901883700FB6501 /* Services */,
				1A0D5AB628FF18D4007AA0F7 /* Views */,
				1A0D5AB728FF18E6007AA0F7 /* ViewModels */,
				1AAB0D032826436700544A8F /* Preview Content */,
			);
			path = "swiftui-mapkit";
			sourceTree = "<group>";
		};
		1AAB0D032826436700544A8F /* Preview Content */ = {
			isa = PBXGroup;
			children = (
				1AAB0D042826436700544A8F /* Preview Assets.xcassets */,
			);
			path = "Preview Content";
			sourceTree = "<group>";
		};
		1AB9F3D72907F809002DF760 /* swiftui-mapkitTests */ = {
			isa = PBXGroup;
			children = (
				1AB9F3D82907F809002DF760 /* CLLocationCoordinate2DTests.swift */,
			);
			path = "swiftui-mapkitTests";
			sourceTree = "<group>";
		};
		1AE3A1722901883700FB6501 /* Services */ = {
			isa = PBXGroup;
			children = (
				1AE3A1732901884200FB6501 /* CoreLocationService.swift */,
			);
			path = Services;
			sourceTree = "<group>";
		};
		1AE3A1752901886600FB6501 /* Extensions */ = {
			isa = PBXGroup;
			children = (
				1AB9F3BC29034168002DF760 /* BundleExtension.swift */,
				1AB9F3D02906FD96002DF760 /* CLLocationCoordinate2DExtension.swift */,
				1A8E283D2908752B0064955F /* CLPlacemarkExtension.swift */,
				1A94BF6F29194D5300001352 /* DateExtension.swift */,
				1AB9F3CC2906C947002DF760 /* DoubleExtension.swift */,
				1AB9F3CE2906C962002DF760 /* MKCoordinateRegionExtension.swift */,
				1AB2A978291450B900A20F79 /* MKDirectionsTransportTypeExtension.swift */,
				1AE3A1762901887200FB6501 /* StringExtension.swift */,
				1AE3A1782901897700FB6501 /* ViewExtension.swift */,
				1A76511329115CC60071D081 /* TextExtension.swift */,
			);
			path = Extensions;
			sourceTree = "<group>";
		};
		1AE3A1822902DE9A00FB6501 /* Models */ = {
			isa = PBXGroup;
			children = (
				1AE3A1852902DF0A00FB6501 /* Attraction.swift */,
				1AF027BB290C731B00AF1ADB /* AttractionDecodable.swift */,
				1AE3A1832902DEBC00FB6501 /* Area.swift */,
				1AF027BD290C76CE00AF1ADB /* JSONFile.swift */,
				1A33435128268119006730C2 /* Place.swift */,
				1AA35F802915ADB40080003F /* MyCircle.swift */,
				1AA35F822915B3F70080003F /* MyPolyline.swift */,
				1A94BF6D291868BB00001352 /* RouteAnnotation.swift */,
			);
			path = Models;
			sourceTree = "<group>";
		};
/* End PBXGroup section */

/* Begin PBXNativeTarget section */
		1AAB0CF92826436600544A8F /* swiftui-mapkit */ = {
			isa = PBXNativeTarget;
			buildConfigurationList = 1AAB0D082826436700544A8F /* Build configuration list for PBXNativeTarget "swiftui-mapkit" */;
			buildPhases = (
				1AAB0CF62826436600544A8F /* Sources */,
				1AAB0CF72826436600544A8F /* Frameworks */,
				1AAB0CF82826436600544A8F /* Resources */,
			);
			buildRules = (
			);
			dependencies = (
			);
			name = "swiftui-mapkit";
			productName = "swiftui-mapkit";
			productReference = 1AAB0CFA2826436600544A8F /* swiftui-mapkit.app */;
			productType = "com.apple.product-type.application";
		};
		1AB9F3D52907F809002DF760 /* swiftui-mapkitTests */ = {
			isa = PBXNativeTarget;
			buildConfigurationList = 1AB9F3DC2907F809002DF760 /* Build configuration list for PBXNativeTarget "swiftui-mapkitTests" */;
			buildPhases = (
				1AB9F3D22907F809002DF760 /* Sources */,
				1AB9F3D32907F809002DF760 /* Frameworks */,
				1AB9F3D42907F809002DF760 /* Resources */,
			);
			buildRules = (
			);
			dependencies = (
				1AB9F3DB2907F809002DF760 /* PBXTargetDependency */,
			);
			name = "swiftui-mapkitTests";
			productName = "swiftui-mapkitTests";
			productReference = 1AB9F3D62907F809002DF760 /* swiftui-mapkitTests.xctest */;
			productType = "com.apple.product-type.bundle.unit-test";
		};
/* End PBXNativeTarget section */

/* Begin PBXProject section */
		1AAB0CF22826436600544A8F /* Project object */ = {
			isa = PBXProject;
			attributes = {
				BuildIndependentTargetsInParallel = 1;
				LastSwiftUpdateCheck = 1410;
				LastUpgradeCheck = 1330;
				TargetAttributes = {
					1AAB0CF92826436600544A8F = {
						CreatedOnToolsVersion = 13.3.1;
					};
					1AB9F3D52907F809002DF760 = {
						CreatedOnToolsVersion = 14.1;
						TestTargetID = 1AAB0CF92826436600544A8F;
					};
				};
			};
			buildConfigurationList = 1AAB0CF52826436600544A8F /* Build configuration list for PBXProject "swiftui-mapkit" */;
			compatibilityVersion = "Xcode 13.0";
			developmentRegion = en;
			hasScannedForEncodings = 0;
			knownRegions = (
				en,
				Base,
			);
			mainGroup = 1AAB0CF12826436600544A8F;
			productRefGroup = 1AAB0CFB2826436600544A8F /* Products */;
			projectDirPath = "";
			projectRoot = "";
			targets = (
				1AAB0CF92826436600544A8F /* swiftui-mapkit */,
				1AB9F3D52907F809002DF760 /* swiftui-mapkitTests */,
			);
		};
/* End PBXProject section */

/* Begin PBXResourcesBuildPhase section */
		1AAB0CF82826436600544A8F /* Resources */ = {
			isa = PBXResourcesBuildPhase;
			buildActionMask = 2147483647;
			files = (
				1AB9F3BF29034AAC002DF760 /* attractions.json in Resources */,
				1AAB0D052826436700544A8F /* Preview Assets.xcassets in Resources */,
				1AAB0D022826436700544A8F /* Assets.xcassets in Resources */,
			);
			runOnlyForDeploymentPostprocessing = 0;
		};
		1AB9F3D42907F809002DF760 /* Resources */ = {
			isa = PBXResourcesBuildPhase;
			buildActionMask = 2147483647;
			files = (
			);
			runOnlyForDeploymentPostprocessing = 0;
		};
/* End PBXResourcesBuildPhase section */

/* Begin PBXSourcesBuildPhase section */
		1AAB0CF62826436600544A8F /* Sources */ = {
			isa = PBXSourcesBuildPhase;
			buildActionMask = 2147483647;
			files = (
				1AB9F3CD2906C947002DF760 /* DoubleExtension.swift in Sources */,
				1AE3A17F29018A9800FB6501 /* CloseButton.swift in Sources */,
				1A0D5ABD29006DDB007AA0F7 /* MapView.swift in Sources */,
				1AE3A1862902DF0A00FB6501 /* Attraction.swift in Sources */,
				1A94BF74291ABCEC00001352 /* RouteAnnotationView.swift in Sources */,
				1AF027C0290F26BA00AF1ADB /* PlaceDetail.swift in Sources */,
				1A94BF7029194D5300001352 /* DateExtension.swift in Sources */,
				1A3A6DB92909BF1C00183860 /* CloudKitViewModel.swift in Sources */,
				1AA35F832915B3F70080003F /* MyPolyline.swift in Sources */,
				1A76511429115CC60071D081 /* TextExtension.swift in Sources */,
				1AE3A17B2901899C00FB6501 /* SearchSheet.swift in Sources */,
				1AB2A97B2914555700A20F79 /* utilities.swift in Sources */,
				1A33435228268119006730C2 /* Place.swift in Sources */,
				1A0D5ABF29006E34007AA0F7 /* AppViewModel.swift in Sources */,
				1A82824E282A34D100380E9D /* SafariView.swift in Sources */,
				1AB9F3CB2906C927002DF760 /* SaveAttraction.swift in Sources */,
				1AE3A1742901884200FB6501 /* CoreLocationService.swift in Sources */,
				1AE3A1842902DEBC00FB6501 /* Area.swift in Sources */,
				1AE3A1792901897700FB6501 /* ViewExtension.swift in Sources */,
				1AF027BC290C731B00AF1ADB /* AttractionDecodable.swift in Sources */,
				1AA35F812915ADB40080003F /* MyCircle.swift in Sources */,
				1AB9F3D12906FD96002DF760 /* CLLocationCoordinate2DExtension.swift in Sources */,
				1A94BF6E291868BB00001352 /* RouteAnnotation.swift in Sources */,
				1A3A6DBB2909BFE100183860 /* Log.swift in Sources */,
				1A8E283E2908752B0064955F /* CLPlacemarkExtension.swift in Sources */,
				1AB2A979291450B900A20F79 /* MKDirectionsTransportTypeExtension.swift in Sources */,
				1AB9F3BD29034168002DF760 /* BundleExtension.swift in Sources */,
				1AE3A17D290189A800FB6501 /* SettingsSheet.swift in Sources */,
				1AB2A96F2912C5A900A20F79 /* LookAround.swift in Sources */,
				1AAB0D002826436600544A8F /* ContentView.swift in Sources */,
				1A3A6DBD2909C02700183860 /* CloudKit.swift in Sources */,
				1AAB0CFE2826436600544A8F /* MapExplorerApp.swift in Sources */,
				1AE3A1712901876E00FB6501 /* MapKitViewModel.swift in Sources */,
				1AB2A9752913057F00A20F79 /* MyTextField.swift in Sources */,
				1AE3A1772901887200FB6501 /* StringExtension.swift in Sources */,
				1AB9F3CF2906C962002DF760 /* MKCoordinateRegionExtension.swift in Sources */,
				1A67891C28FF15EF00F3DFD8 /* Marker.swift in Sources */,
				1AF027BE290C76CE00AF1ADB /* JSONFile.swift in Sources */,
				1AB2A97729140B2000A20F79 /* Directions.swift in Sources */,
			);
			runOnlyForDeploymentPostprocessing = 0;
		};
		1AB9F3D22907F809002DF760 /* Sources */ = {
			isa = PBXSourcesBuildPhase;
			buildActionMask = 2147483647;
			files = (
				1AB9F3D92907F809002DF760 /* CLLocationCoordinate2DTests.swift in Sources */,
			);
			runOnlyForDeploymentPostprocessing = 0;
		};
/* End PBXSourcesBuildPhase section */

/* Begin PBXTargetDependency section */
		1AB9F3DB2907F809002DF760 /* PBXTargetDependency */ = {
			isa = PBXTargetDependency;
			target = 1AAB0CF92826436600544A8F /* swiftui-mapkit */;
			targetProxy = 1AB9F3DA2907F809002DF760 /* PBXContainerItemProxy */;
		};
/* End PBXTargetDependency section */

/* Begin XCBuildConfiguration section */
		1AAB0D062826436700544A8F /* Debug */ = {
			isa = XCBuildConfiguration;
			buildSettings = {
				ALWAYS_SEARCH_USER_PATHS = NO;
				CLANG_ANALYZER_NONNULL = YES;
				CLANG_ANALYZER_NUMBER_OBJECT_CONVERSION = YES_AGGRESSIVE;
				CLANG_CXX_LANGUAGE_STANDARD = "gnu++17";
				CLANG_ENABLE_MODULES = YES;
				CLANG_ENABLE_OBJC_ARC = YES;
				CLANG_ENABLE_OBJC_WEAK = YES;
				CLANG_WARN_BLOCK_CAPTURE_AUTORELEASING = YES;
				CLANG_WARN_BOOL_CONVERSION = YES;
				CLANG_WARN_COMMA = YES;
				CLANG_WARN_CONSTANT_CONVERSION = YES;
				CLANG_WARN_DEPRECATED_OBJC_IMPLEMENTATIONS = YES;
				CLANG_WARN_DIRECT_OBJC_ISA_USAGE = YES_ERROR;
				CLANG_WARN_DOCUMENTATION_COMMENTS = YES;
				CLANG_WARN_EMPTY_BODY = YES;
				CLANG_WARN_ENUM_CONVERSION = YES;
				CLANG_WARN_INFINITE_RECURSION = YES;
				CLANG_WARN_INT_CONVERSION = YES;
				CLANG_WARN_NON_LITERAL_NULL_CONVERSION = YES;
				CLANG_WARN_OBJC_IMPLICIT_RETAIN_SELF = YES;
				CLANG_WARN_OBJC_LITERAL_CONVERSION = YES;
				CLANG_WARN_OBJC_ROOT_CLASS = YES_ERROR;
				CLANG_WARN_QUOTED_INCLUDE_IN_FRAMEWORK_HEADER = YES;
				CLANG_WARN_RANGE_LOOP_ANALYSIS = YES;
				CLANG_WARN_STRICT_PROTOTYPES = YES;
				CLANG_WARN_SUSPICIOUS_MOVE = YES;
				CLANG_WARN_UNGUARDED_AVAILABILITY = YES_AGGRESSIVE;
				CLANG_WARN_UNREACHABLE_CODE = YES;
				CLANG_WARN__DUPLICATE_METHOD_MATCH = YES;
				COPY_PHASE_STRIP = NO;
				DEBUG_INFORMATION_FORMAT = dwarf;
				ENABLE_STRICT_OBJC_MSGSEND = YES;
				ENABLE_TESTABILITY = YES;
				GCC_C_LANGUAGE_STANDARD = gnu11;
				GCC_DYNAMIC_NO_PIC = NO;
				GCC_NO_COMMON_BLOCKS = YES;
				GCC_OPTIMIZATION_LEVEL = 0;
				GCC_PREPROCESSOR_DEFINITIONS = (
					"DEBUG=1",
					"$(inherited)",
				);
				GCC_WARN_64_TO_32_BIT_CONVERSION = YES;
				GCC_WARN_ABOUT_RETURN_TYPE = YES_ERROR;
				GCC_WARN_UNDECLARED_SELECTOR = YES;
				GCC_WARN_UNINITIALIZED_AUTOS = YES_AGGRESSIVE;
				GCC_WARN_UNUSED_FUNCTION = YES;
				GCC_WARN_UNUSED_VARIABLE = YES;
				IPHONEOS_DEPLOYMENT_TARGET = 16.0;
				MTL_ENABLE_DEBUG_INFO = INCLUDE_SOURCE;
				MTL_FAST_MATH = YES;
				ONLY_ACTIVE_ARCH = YES;
				SDKROOT = iphoneos;
				SWIFT_ACTIVE_COMPILATION_CONDITIONS = DEBUG;
				SWIFT_OPTIMIZATION_LEVEL = "-Onone";
			};
			name = Debug;
		};
		1AAB0D072826436700544A8F /* Release */ = {
			isa = XCBuildConfiguration;
			buildSettings = {
				ALWAYS_SEARCH_USER_PATHS = NO;
				CLANG_ANALYZER_NONNULL = YES;
				CLANG_ANALYZER_NUMBER_OBJECT_CONVERSION = YES_AGGRESSIVE;
				CLANG_CXX_LANGUAGE_STANDARD = "gnu++17";
				CLANG_ENABLE_MODULES = YES;
				CLANG_ENABLE_OBJC_ARC = YES;
				CLANG_ENABLE_OBJC_WEAK = YES;
				CLANG_WARN_BLOCK_CAPTURE_AUTORELEASING = YES;
				CLANG_WARN_BOOL_CONVERSION = YES;
				CLANG_WARN_COMMA = YES;
				CLANG_WARN_CONSTANT_CONVERSION = YES;
				CLANG_WARN_DEPRECATED_OBJC_IMPLEMENTATIONS = YES;
				CLANG_WARN_DIRECT_OBJC_ISA_USAGE = YES_ERROR;
				CLANG_WARN_DOCUMENTATION_COMMENTS = YES;
				CLANG_WARN_EMPTY_BODY = YES;
				CLANG_WARN_ENUM_CONVERSION = YES;
				CLANG_WARN_INFINITE_RECURSION = YES;
				CLANG_WARN_INT_CONVERSION = YES;
				CLANG_WARN_NON_LITERAL_NULL_CONVERSION = YES;
				CLANG_WARN_OBJC_IMPLICIT_RETAIN_SELF = YES;
				CLANG_WARN_OBJC_LITERAL_CONVERSION = YES;
				CLANG_WARN_OBJC_ROOT_CLASS = YES_ERROR;
				CLANG_WARN_QUOTED_INCLUDE_IN_FRAMEWORK_HEADER = YES;
				CLANG_WARN_RANGE_LOOP_ANALYSIS = YES;
				CLANG_WARN_STRICT_PROTOTYPES = YES;
				CLANG_WARN_SUSPICIOUS_MOVE = YES;
				CLANG_WARN_UNGUARDED_AVAILABILITY = YES_AGGRESSIVE;
				CLANG_WARN_UNREACHABLE_CODE = YES;
				CLANG_WARN__DUPLICATE_METHOD_MATCH = YES;
				COPY_PHASE_STRIP = NO;
				DEBUG_INFORMATION_FORMAT = "dwarf-with-dsym";
				ENABLE_NS_ASSERTIONS = NO;
				ENABLE_STRICT_OBJC_MSGSEND = YES;
				GCC_C_LANGUAGE_STANDARD = gnu11;
				GCC_NO_COMMON_BLOCKS = YES;
				GCC_WARN_64_TO_32_BIT_CONVERSION = YES;
				GCC_WARN_ABOUT_RETURN_TYPE = YES_ERROR;
				GCC_WARN_UNDECLARED_SELECTOR = YES;
				GCC_WARN_UNINITIALIZED_AUTOS = YES_AGGRESSIVE;
				GCC_WARN_UNUSED_FUNCTION = YES;
				GCC_WARN_UNUSED_VARIABLE = YES;
				IPHONEOS_DEPLOYMENT_TARGET = 16.0;
				MTL_ENABLE_DEBUG_INFO = NO;
				MTL_FAST_MATH = YES;
				SDKROOT = iphoneos;
				SWIFT_COMPILATION_MODE = wholemodule;
				SWIFT_OPTIMIZATION_LEVEL = "-O";
				VALIDATE_PRODUCT = YES;
			};
			name = Release;
		};
		1AAB0D092826436700544A8F /* Debug */ = {
			isa = XCBuildConfiguration;
			buildSettings = {
				ASSETCATALOG_COMPILER_APPICON_NAME = AppIcon;
				ASSETCATALOG_COMPILER_GLOBAL_ACCENT_COLOR_NAME = AccentColor;
				CODE_SIGN_ENTITLEMENTS = "swiftui-mapkit/swiftui-mapkit.entitlements";
				CODE_SIGN_STYLE = Automatic;
				CURRENT_PROJECT_VERSION = 1;
				DEVELOPMENT_ASSET_PATHS = "\"swiftui-mapkit/Preview Content\"";
				DEVELOPMENT_TEAM = 4BG3523GAZ;
				ENABLE_PREVIEWS = YES;
				GENERATE_INFOPLIST_FILE = YES;
				INFOPLIST_FILE = "swiftui-mapkit/Info.plist";
				INFOPLIST_KEY_CFBundleDisplayName = "Map Explorer";
				INFOPLIST_KEY_NSLocationAlwaysAndWhenInUseUsageDescription = "We need this to display your current location on the map.";
				INFOPLIST_KEY_NSLocationWhenInUseUsageDescription = "We need this to display your current location on the map.";
				INFOPLIST_KEY_UIApplicationSceneManifest_Generation = YES;
				INFOPLIST_KEY_UIApplicationSupportsIndirectInputEvents = YES;
				INFOPLIST_KEY_UILaunchScreen_Generation = YES;
				INFOPLIST_KEY_UISupportedInterfaceOrientations_iPad = "UIInterfaceOrientationPortrait UIInterfaceOrientationPortraitUpsideDown UIInterfaceOrientationLandscapeLeft UIInterfaceOrientationLandscapeRight";
				INFOPLIST_KEY_UISupportedInterfaceOrientations_iPhone = "UIInterfaceOrientationPortrait UIInterfaceOrientationLandscapeLeft UIInterfaceOrientationLandscapeRight";
				INFOPLIST_KEY_UISupportsDocumentBrowser = YES;
				LD_RUNPATH_SEARCH_PATHS = (
					"$(inherited)",
					"@executable_path/Frameworks",
				);
				MARKETING_VERSION = 1.0;
				PRODUCT_BUNDLE_IDENTIFIER = "r.mark.volkmann.gmail.com.swiftui-mapkit";
				PRODUCT_NAME = "$(TARGET_NAME)";
				SWIFT_EMIT_LOC_STRINGS = YES;
				SWIFT_VERSION = 5.0;
				TARGETED_DEVICE_FAMILY = "1,2";
			};
			name = Debug;
		};
		1AAB0D0A2826436700544A8F /* Release */ = {
			isa = XCBuildConfiguration;
			buildSettings = {
				ASSETCATALOG_COMPILER_APPICON_NAME = AppIcon;
				ASSETCATALOG_COMPILER_GLOBAL_ACCENT_COLOR_NAME = AccentColor;
				CODE_SIGN_ENTITLEMENTS = "swiftui-mapkit/swiftui-mapkit.entitlements";
				CODE_SIGN_STYLE = Automatic;
				CURRENT_PROJECT_VERSION = 1;
				DEVELOPMENT_ASSET_PATHS = "\"swiftui-mapkit/Preview Content\"";
				DEVELOPMENT_TEAM = 4BG3523GAZ;
				ENABLE_PREVIEWS = YES;
				GENERATE_INFOPLIST_FILE = YES;
				INFOPLIST_FILE = "swiftui-mapkit/Info.plist";
				INFOPLIST_KEY_CFBundleDisplayName = "Map Explorer";
				INFOPLIST_KEY_NSLocationAlwaysAndWhenInUseUsageDescription = "We need this to display your current location on the map.";
				INFOPLIST_KEY_NSLocationWhenInUseUsageDescription = "We need this to display your current location on the map.";
				INFOPLIST_KEY_UIApplicationSceneManifest_Generation = YES;
				INFOPLIST_KEY_UIApplicationSupportsIndirectInputEvents = YES;
				INFOPLIST_KEY_UILaunchScreen_Generation = YES;
				INFOPLIST_KEY_UISupportedInterfaceOrientations_iPad = "UIInterfaceOrientationPortrait UIInterfaceOrientationPortraitUpsideDown UIInterfaceOrientationLandscapeLeft UIInterfaceOrientationLandscapeRight";
				INFOPLIST_KEY_UISupportedInterfaceOrientations_iPhone = "UIInterfaceOrientationPortrait UIInterfaceOrientationLandscapeLeft UIInterfaceOrientationLandscapeRight";
				INFOPLIST_KEY_UISupportsDocumentBrowser = YES;
				LD_RUNPATH_SEARCH_PATHS = (
					"$(inherited)",
					"@executable_path/Frameworks",
				);
				MARKETING_VERSION = 1.0;
				PRODUCT_BUNDLE_IDENTIFIER = "r.mark.volkmann.gmail.com.swiftui-mapkit";
				PRODUCT_NAME = "$(TARGET_NAME)";
				SWIFT_EMIT_LOC_STRINGS = YES;
				SWIFT_VERSION = 5.0;
				TARGETED_DEVICE_FAMILY = "1,2";
			};
			name = Release;
		};
		1AB9F3DD2907F809002DF760 /* Debug */ = {
			isa = XCBuildConfiguration;
			buildSettings = {
				BUNDLE_LOADER = "$(TEST_HOST)";
				CLANG_CXX_LANGUAGE_STANDARD = "gnu++20";
				CODE_SIGN_STYLE = Automatic;
				CURRENT_PROJECT_VERSION = 1;
				DEVELOPMENT_TEAM = 4BG3523GAZ;
				GENERATE_INFOPLIST_FILE = YES;
				IPHONEOS_DEPLOYMENT_TARGET = 16.1;
				MARKETING_VERSION = 1.0;
				PRODUCT_BUNDLE_IDENTIFIER = "r.mark.volkmann.gmail.com.swiftui-mapkitTests";
				PRODUCT_NAME = "$(TARGET_NAME)";
				SWIFT_EMIT_LOC_STRINGS = NO;
				SWIFT_VERSION = 5.0;
				TARGETED_DEVICE_FAMILY = "1,2";
				TEST_HOST = "$(BUILT_PRODUCTS_DIR)/swiftui-mapkit.app/$(BUNDLE_EXECUTABLE_FOLDER_PATH)/swiftui-mapkit";
			};
			name = Debug;
		};
		1AB9F3DE2907F809002DF760 /* Release */ = {
			isa = XCBuildConfiguration;
			buildSettings = {
				BUNDLE_LOADER = "$(TEST_HOST)";
				CLANG_CXX_LANGUAGE_STANDARD = "gnu++20";
				CODE_SIGN_STYLE = Automatic;
				CURRENT_PROJECT_VERSION = 1;
				DEVELOPMENT_TEAM = 4BG3523GAZ;
				GENERATE_INFOPLIST_FILE = YES;
				IPHONEOS_DEPLOYMENT_TARGET = 16.1;
				MARKETING_VERSION = 1.0;
				PRODUCT_BUNDLE_IDENTIFIER = "r.mark.volkmann.gmail.com.swiftui-mapkitTests";
				PRODUCT_NAME = "$(TARGET_NAME)";
				SWIFT_EMIT_LOC_STRINGS = NO;
				SWIFT_VERSION = 5.0;
				TARGETED_DEVICE_FAMILY = "1,2";
				TEST_HOST = "$(BUILT_PRODUCTS_DIR)/swiftui-mapkit.app/$(BUNDLE_EXECUTABLE_FOLDER_PATH)/swiftui-mapkit";
			};
			name = Release;
		};
/* End XCBuildConfiguration section */

/* Begin XCConfigurationList section */
		1AAB0CF52826436600544A8F /* Build configuration list for PBXProject "swiftui-mapkit" */ = {
			isa = XCConfigurationList;
			buildConfigurations = (
				1AAB0D062826436700544A8F /* Debug */,
				1AAB0D072826436700544A8F /* Release */,
			);
			defaultConfigurationIsVisible = 0;
			defaultConfigurationName = Release;
		};
		1AAB0D082826436700544A8F /* Build configuration list for PBXNativeTarget "swiftui-mapkit" */ = {
			isa = XCConfigurationList;
			buildConfigurations = (
				1AAB0D092826436700544A8F /* Debug */,
				1AAB0D0A2826436700544A8F /* Release */,
			);
			defaultConfigurationIsVisible = 0;
			defaultConfigurationName = Release;
		};
		1AB9F3DC2907F809002DF760 /* Build configuration list for PBXNativeTarget "swiftui-mapkitTests" */ = {
			isa = XCConfigurationList;
			buildConfigurations = (
				1AB9F3DD2907F809002DF760 /* Debug */,
				1AB9F3DE2907F809002DF760 /* Release */,
			);
			defaultConfigurationIsVisible = 0;
			defaultConfigurationName = Release;
		};
/* End XCConfigurationList section */
	};
	rootObject = 1AAB0CF22826436600544A8F /* Project object */;
}
